// !$*UTF8*$!
{
	archiveVersion = 1;
	classes = {
	};
	objectVersion = 46;
	objects = {

/* Begin PBXBuildFile section */
		F6C0BF711C996EE100B964B4 /* AppDelegate.swift in Sources */ = {isa = PBXBuildFile; fileRef = F6C0BF701C996EE100B964B4 /* AppDelegate.swift */; };
		F6C0BF741C996EE100B964B4 /* UCI9DC_L105_Blog_Reader.xcdatamodeld in Sources */ = {isa = PBXBuildFile; fileRef = F6C0BF721C996EE100B964B4 /* UCI9DC_L105_Blog_Reader.xcdatamodeld */; };
		F6C0BF761C996EE100B964B4 /* MasterViewController.swift in Sources */ = {isa = PBXBuildFile; fileRef = F6C0BF751C996EE100B964B4 /* MasterViewController.swift */; };
		F6C0BF781C996EE100B964B4 /* DetailViewController.swift in Sources */ = {isa = PBXBuildFile; fileRef = F6C0BF771C996EE100B964B4 /* DetailViewController.swift */; };
		F6C0BF7B1C996EE200B964B4 /* Main.storyboard in Resources */ = {isa = PBXBuildFile; fileRef = F6C0BF791C996EE200B964B4 /* Main.storyboard */; };
		F6C0BF7D1C996EE200B964B4 /* Assets.xcassets in Resources */ = {isa = PBXBuildFile; fileRef = F6C0BF7C1C996EE200B964B4 /* Assets.xcassets */; };
		F6C0BF801C996EE200B964B4 /* LaunchScreen.storyboard in Resources */ = {isa = PBXBuildFile; fileRef = F6C0BF7E1C996EE200B964B4 /* LaunchScreen.storyboard */; };
/* End PBXBuildFile section */

/* Begin PBXFileReference section */
		F6C0BF6D1C996EE100B964B4 /* UCI9DC L105 Blog Reader.app */ = {isa = PBXFileReference; explicitFileType = wrapper.application; includeInIndex = 0; path = "UCI9DC L105 Blog Reader.app"; sourceTree = BUILT_PRODUCTS_DIR; };
		F6C0BF701C996EE100B964B4 /* AppDelegate.swift */ = {isa = PBXFileReference; lastKnownFileType = sourcecode.swift; path = AppDelegate.swift; sourceTree = "<group>"; };
		F6C0BF731C996EE100B964B4 /* UCI9DC_L105_Blog_Reader.xcdatamodel */ = {isa = PBXFileReference; lastKnownFileType = wrapper.xcdatamodel; path = UCI9DC_L105_Blog_Reader.xcdatamodel; sourceTree = "<group>"; };
		F6C0BF751C996EE100B964B4 /* MasterViewController.swift */ = {isa = PBXFileReference; lastKnownFileType = sourcecode.swift; path = MasterViewController.swift; sourceTree = "<group>"; };
		F6C0BF771C996EE100B964B4 /* DetailViewController.swift */ = {isa = PBXFileReference; lastKnownFileType = sourcecode.swift; path = DetailViewController.swift; sourceTree = "<group>"; };
		F6C0BF7A1C996EE200B964B4 /* Base */ = {isa = PBXFileReference; lastKnownFileType = file.storyboard; name = Base; path = Base.lproj/Main.storyboard; sourceTree = "<group>"; };
		F6C0BF7C1C996EE200B964B4 /* Assets.xcassets */ = {isa = PBXFileReference; lastKnownFileType = folder.assetcatalog; path = Assets.xcassets; sourceTree = "<group>"; };
		F6C0BF7F1C996EE200B964B4 /* Base */ = {isa = PBXFileReference; lastKnownFileType = file.storyboard; name = Base; path = Base.lproj/LaunchScreen.storyboard; sourceTree = "<group>"; };
		F6C0BF811C996EE200B964B4 /* Info.plist */ = {isa = PBXFileReference; lastKnownFileType = text.plist.xml; path = Info.plist; sourceTree = "<group>"; };
/* End PBXFileReference section */

/* Begin PBXFrameworksBuildPhase section */
		F6C0BF6A1C996EE100B964B4 /* Frameworks */ = {
			isa = PBXFrameworksBuildPhase;
			buildActionMask = 2147483647;
			files = (
			);
			runOnlyForDeploymentPostprocessing = 0;
		};
/* End PBXFrameworksBuildPhase section */

/* Begin PBXGroup section */
		F6C0BF641C996EE100B964B4 = {
			isa = PBXGroup;
			children = (
				F6C0BF6F1C996EE100B964B4 /* UCI9DC L105 Blog Reader */,
				F6C0BF6E1C996EE100B964B4 /* Products */,
			);
			sourceTree = "<group>";
		};
		F6C0BF6E1C996EE100B964B4 /* Products */ = {
			isa = PBXGroup;
			children = (
				F6C0BF6D1C996EE100B964B4 /* UCI9DC L105 Blog Reader.app */,
			);
			name = Products;
			sourceTree = "<group>";
		};
		F6C0BF6F1C996EE100B964B4 /* UCI9DC L105 Blog Reader */ = {
			isa = PBXGroup;
			children = (
				F6C0BF701C996EE100B964B4 /* AppDelegate.swift */,
				F6C0BF751C996EE100B964B4 /* MasterViewController.swift */,
				F6C0BF771C996EE100B964B4 /* DetailViewController.swift */,
				F6C0BF791C996EE200B964B4 /* Main.storyboard */,
				F6C0BF7C1C996EE200B964B4 /* Assets.xcassets */,
				F6C0BF7E1C996EE200B964B4 /* LaunchScreen.storyboard */,
				F6C0BF811C996EE200B964B4 /* Info.plist */,
				F6C0BF721C996EE100B964B4 /* UCI9DC_L105_Blog_Reader.xcdatamodeld */,
			);
			path = "UCI9DC L105 Blog Reader";
			sourceTree = "<group>";
		};
/* End PBXGroup section */

/* Begin PBXNativeTarget section */
		F6C0BF6C1C996EE100B964B4 /* UCI9DC L105 Blog Reader */ = {
			isa = PBXNativeTarget;
			buildConfigurationList = F6C0BF841C996EE200B964B4 /* Build configuration list for PBXNativeTarget "UCI9DC L105 Blog Reader" */;
			buildPhases = (
				F6C0BF691C996EE100B964B4 /* Sources */,
				F6C0BF6A1C996EE100B964B4 /* Frameworks */,
				F6C0BF6B1C996EE100B964B4 /* Resources */,
			);
			buildRules = (
			);
			dependencies = (
			);
			name = "UCI9DC L105 Blog Reader";
			productName = "UCI9DC L105 Blog Reader";
			productReference = F6C0BF6D1C996EE100B964B4 /* UCI9DC L105 Blog Reader.app */;
			productType = "com.apple.product-type.application";
		};
/* End PBXNativeTarget section */

/* Begin PBXProject section */
		F6C0BF651C996EE100B964B4 /* Project object */ = {
			isa = PBXProject;
			attributes = {
				LastSwiftUpdateCheck = 0720;
				LastUpgradeCheck = 0720;
				ORGANIZATIONNAME = "Stanislav Sidelnikov";
				TargetAttributes = {
					F6C0BF6C1C996EE100B964B4 = {
						CreatedOnToolsVersion = 7.2.1;
					};
				};
			};
			buildConfigurationList = F6C0BF681C996EE100B964B4 /* Build configuration list for PBXProject "UCI9DC L105 Blog Reader" */;
			compatibilityVersion = "Xcode 3.2";
			developmentRegion = English;
			hasScannedForEncodings = 0;
			knownRegions = (
				en,
				Base,
			);
			mainGroup = F6C0BF641C996EE100B964B4;
			productRefGroup = F6C0BF6E1C996EE100B964B4 /* Products */;
			projectDirPath = "";
			projectRoot = "";
			targets = (
				F6C0BF6C1C996EE100B964B4 /* UCI9DC L105 Blog Reader */,
			);
		};
/* End PBXProject section */

/* Begin PBXResourcesBuildPhase section */
		F6C0BF6B1C996EE100B964B4 /* Resources */ = {
			isa = PBXResourcesBuildPhase;
			buildActionMask = 2147483647;
			files = (
				F6C0BF801C996EE200B964B4 /* LaunchScreen.storyboard in Resources */,
				F6C0BF7D1C996EE200B964B4 /* Assets.xcassets in Resources */,
				F6C0BF7B1C996EE200B964B4 /* Main.storyboard in Resources */,
			);
			runOnlyForDeploymentPostprocessing = 0;
		};
/* End PBXResourcesBuildPhase section */

/* Begin PBXSourcesBuildPhase section */
		F6C0BF691C996EE100B964B4 /* Sources */ = {
			isa = PBXSourcesBuildPhase;
			buildActionMask = 2147483647;
			files = (
				F6C0BF711C996EE100B964B4 /* AppDelegate.swift in Sources */,
				F6C0BF741C996EE100B964B4 /* UCI9DC_L105_Blog_Reader.xcdatamodeld in Sources */,
				F6C0BF761C996EE100B964B4 /* MasterViewController.swift in Sources */,
				F6C0BF781C996EE100B964B4 /* DetailViewController.swift in Sources */,
			);
			runOnlyForDeploymentPostprocessing = 0;
		};
/* End PBXSourcesBuildPhase section */

/* Begin PBXVariantGroup section */
		F6C0BF791C996EE200B964B4 /* Main.storyboard */ = {
			isa = PBXVariantGroup;
			children = (
				F6C0BF7A1C996EE200B964B4 /* Base */,
			);
			name = Main.storyboard;
			sourceTree = "<group>";
		};
		F6C0BF7E1C996EE200B964B4 /* LaunchScreen.storyboard */ = {
			isa = PBXVariantGroup;
			children = (
				F6C0BF7F1C996EE200B964B4 /* Base */,
			);
			name = LaunchScreen.storyboard;
			sourceTree = "<group>";
		};
/* End PBXVariantGroup section */

/* Begin XCBuildConfiguration section */
		F6C0BF821C996EE200B964B4 /* Debug */ = {
			isa = XCBuildConfiguration;
			buildSettings = {
				ALWAYS_SEARCH_USER_PATHS = NO;
				CLANG_CXX_LANGUAGE_STANDARD = "gnu++0x";
				CLANG_CXX_LIBRARY = "libc++";
				CLANG_ENABLE_MODULES = YES;
				CLANG_ENABLE_OBJC_ARC = YES;
				CLANG_WARN_BOOL_CONVERSION = YES;
				CLANG_WARN_CONSTANT_CONVERSION = YES;
				CLANG_WARN_DIRECT_OBJC_ISA_USAGE = YES_ERROR;
				CLANG_WARN_EMPTY_BODY = YES;
				CLANG_WARN_ENUM_CONVERSION = YES;
				CLANG_WARN_INT_CONVERSION = YES;
				CLANG_WARN_OBJC_ROOT_CLASS = YES_ERROR;
				CLANG_WARN_UNREACHABLE_CODE = YES;
				CLANG_WARN__DUPLICATE_METHOD_MATCH = YES;
				"CODE_SIGN_IDENTITY[sdk=iphoneos*]" = "iPhone Developer";
				COPY_PHASE_STRIP = NO;
				DEBUG_INFORMATION_FORMAT = dwarf;
				ENABLE_STRICT_OBJC_MSGSEND = YES;
				ENABLE_TESTABILITY = YES;
				GCC_C_LANGUAGE_STANDARD = gnu99;
				GCC_DYNAMIC_NO_PIC = NO;
				GCC_NO_COMMON_BLOCKS = YES;
				GCC_OPTIMIZATION_LEVEL = 0;
				GCC_PREPROCESSOR_DEFINITIONS = (
					"DEBUG=1",
					"$(inherited)",
				);
				GCC_WARN_64_TO_32_BIT_CONVERSION = YES;
				GCC_WARN_ABOUT_RETURN_TYPE = YES_ERROR;
				GCC_WARN_UNDECLARED_SELECTOR = YES;
				GCC_WARN_UNINITIALIZED_AUTOS = YES_AGGRESSIVE;
				GCC_WARN_UNUSED_FUNCTION = YES;
				GCC_WARN_UNUSED_VARIABLE = YES;
				IPHONEOS_DEPLOYMENT_TARGET = 9.2;
				MTL_ENABLE_DEBUG_INFO = YES;
				ONLY_ACTIVE_ARCH = YES;
				SDKROOT = iphoneos;
				SWIFT_OPTIMIZATION_LEVEL = "-Onone";
			};
			name = Debug;
		};
		F6C0BF831C996EE200B964B4 /* Release */ = {
			isa = XCBuildConfiguration;
			buildSettings = {
				ALWAYS_SEARCH_USER_PATHS = NO;
				CLANG_CXX_LANGUAGE_STANDARD = "gnu++0x";
				CLANG_CXX_LIBRARY = "libc++";
				CLANG_ENABLE_MODULES = YES;
				CLANG_ENABLE_OBJC_ARC = YES;
				CLANG_WARN_BOOL_CONVERSION = YES;
				CLANG_WARN_CONSTANT_CONVERSION = YES;
				CLANG_WARN_DIRECT_OBJC_ISA_USAGE = YES_ERROR;
				CLANG_WARN_EMPTY_BODY = YES;
				CLANG_WARN_ENUM_CONVERSION = YES;
				CLANG_WARN_INT_CONVERSION = YES;
				CLANG_WARN_OBJC_ROOT_CLASS = YES_ERROR;
				CLANG_WARN_UNREACHABLE_CODE = YES;
				CLANG_WARN__DUPLICATE_METHOD_MATCH = YES;
				"CODE_SIGN_IDENTITY[sdk=iphoneos*]" = "iPhone Developer";
				COPY_PHASE_STRIP = NO;
				DEBUG_INFORMATION_FORMAT = "dwarf-with-dsym";
				ENABLE_NS_ASSERTIONS = NO;
				ENABLE_STRICT_OBJC_MSGSEND = YES;
				GCC_C_LANGUAGE_STANDARD = gnu99;
				GCC_NO_COMMON_BLOCKS = YES;
				GCC_WARN_64_TO_32_BIT_CONVERSION = YES;
				GCC_WARN_ABOUT_RETURN_TYPE = YES_ERROR;
				GCC_WARN_UNDECLARED_SELECTOR = YES;
				GCC_WARN_UNINITIALIZED_AUTOS = YES_AGGRESSIVE;
				GCC_WARN_UNUSED_FUNCTION = YES;
				GCC_WARN_UNUSED_VARIABLE = YES;
				IPHONEOS_DEPLOYMENT_TARGET = 9.2;
				MTL_ENABLE_DEBUG_INFO = NO;
				SDKROOT = iphoneos;
				VALIDATE_PRODUCT = YES;
			};
			name = Release;
		};
		F6C0BF851C996EE200B964B4 /* Debug */ = {
			isa = XCBuildConfiguration;
			buildSettings = {
				ASSETCATALOG_COMPILER_APPICON_NAME = AppIcon;
				INFOPLIST_FILE = "UCI9DC L105 Blog Reader/Info.plist";
				LD_RUNPATH_SEARCH_PATHS = "$(inherited) @executable_path/Frameworks";
				PRODUCT_BUNDLE_IDENTIFIER = "com.stansidel.UCI9DC-L105-Blog-Reader";
				PRODUCT_NAME = "$(TARGET_NAME)";
			};
			name = Debug;
		};
		F6C0BF861C996EE200B964B4 /* Release */ = {
			isa = XCBuildConfiguration;
			buildSettings = {
				ASSETCATALOG_COMPILER_APPICON_NAME = AppIcon;
				INFOPLIST_FILE = "UCI9DC L105 Blog Reader/Info.plist";
				LD_RUNPATH_SEARCH_PATHS = "$(inherited) @executable_path/Frameworks";
				PRODUCT_BUNDLE_IDENTIFIER = "com.stansidel.UCI9DC-L105-Blog-Reader";
				PRODUCT_NAME = "$(TARGET_NAME)";
			};
			name = Release;
		};
/* End XCBuildConfiguration section */

/* Begin XCConfigurationList section */
		F6C0BF681C996EE100B964B4 /* Build configuration list for PBXProject "UCI9DC L105 Blog Reader" */ = {
			isa = XCConfigurationList;
			buildConfigurations = (
				F6C0BF821C996EE200B964B4 /* Debug */,
				F6C0BF831C996EE200B964B4 /* Release */,
			);
			defaultConfigurationIsVisible = 0;
			defaultConfigurationName = Release;
		};
		F6C0BF841C996EE200B964B4 /* Build configuration list for PBXNativeTarget "UCI9DC L105 Blog Reader" */ = {
			isa = XCConfigurationList;
			buildConfigurations = (
				F6C0BF851C996EE200B964B4 /* Debug */,
				F6C0BF861C996EE200B964B4 /* Release */,
			);
			defaultConfigurationIsVisible = 0;
		};
/* End XCConfigurationList section */

/* Begin XCVersionGroup section */
		F6C0BF721C996EE100B964B4 /* UCI9DC_L105_Blog_Reader.xcdatamodeld */ = {
			isa = XCVersionGroup;
			children = (
				F6C0BF731C996EE100B964B4 /* UCI9DC_L105_Blog_Reader.xcdatamodel */,
			);
			currentVersion = F6C0BF731C996EE100B964B4 /* UCI9DC_L105_Blog_Reader.xcdatamodel */;
			path = UCI9DC_L105_Blog_Reader.xcdatamodeld;
			sourceTree = "<group>";
			versionGroupType = wrapper.xcdatamodel;
		};
/* End XCVersionGroup section */
	};
	rootObject = F6C0BF651C996EE100B964B4 /* Project object */;
}
